
Microsoft Visual Studio Solution File, Format Version 12.00
# Visual Studio Version 16
VisualStudioVersion = 16.0.31605.320
MinimumVisualStudioVersion = 10.0.40219.1
Project("{9A19103F-16F7-4668-BE54-9A1E7A4F7556}") = "LocationAndChargePoint.App", "LocationAndChargePoint.App\LocationAndChargePoint.App.csproj", "{598EDA18-A713-497D-BBAB-6A0EB21BD5E8}"
EndProject
Project("{9A19103F-16F7-4668-BE54-9A1E7A4F7556}") = "LACP.Models", "LACP.Models\LACP.Models.csproj", "{7B91BA57-D609-43CE-A938-30DF540E6AE0}"
EndProject
Project("{FAE04EC0-301F-11D3-BF4B-00C04F79EFBC}") = "LACP.Data", "LACP.Data\LACP.Data.csproj", "{28C9F37B-BC17-4374-9C2B-0C6F6922BE9D}"
EndProject
Global
	GlobalSection(SolutionConfigurationPlatforms) = preSolution
		Debug|Any CPU = Debug|Any CPU
		Release|Any CPU = Release|Any CPU
	EndGlobalSection
	GlobalSection(ProjectConfigurationPlatforms) = postSolution
		{598EDA18-A713-497D-BBAB-6A0EB21BD5E8}.Debug|Any CPU.ActiveCfg = Debug|Any CPU
		{598EDA18-A713-497D-BBAB-6A0EB21BD5E8}.Debug|Any CPU.Build.0 = Debug|Any CPU
		{598EDA18-A713-497D-BBAB-6A0EB21BD5E8}.Release|Any CPU.ActiveCfg = Release|Any CPU
		{598EDA18-A713-497D-BBAB-6A0EB21BD5E8}.Release|Any CPU.Build.0 = Release|Any CPU
		{7B91BA57-D609-43CE-A938-30DF540E6AE0}.Debug|Any CPU.ActiveCfg = Debug|Any CPU
		{7B91BA57-D609-43CE-A938-30DF540E6AE0}.Debug|Any CPU.Build.0 = Debug|Any CPU
		{7B91BA57-D609-43CE-A938-30DF540E6AE0}.Release|Any CPU.ActiveCfg = Release|Any CPU
		{7B91BA57-D609-43CE-A938-30DF540E6AE0}.Release|Any CPU.Build.0 = Release|Any CPU
		{28C9F37B-BC17-4374-9C2B-0C6F6922BE9D}.Debug|Any CPU.ActiveCfg = Debug|Any CPU
		{28C9F37B-BC17-4374-9C2B-0C6F6922BE9D}.Debug|Any CPU.Build.0 = Debug|Any CPU
		{28C9F37B-BC17-4374-9C2B-0C6F6922BE9D}.Release|Any CPU.ActiveCfg = Release|Any CPU
		{28C9F37B-BC17-4374-9C2B-0C6F6922BE9D}.Release|Any CPU.Build.0 = Release|Any CPU
	EndGlobalSection
	GlobalSection(SolutionProperties) = preSolution
		HideSolutionNode = FALSE
	EndGlobalSection
	GlobalSection(ExtensibilityGlobals) = postSolution
		SolutionGuid = {643D4511-DAB8-4D97-9B88-91E30877A75C}
	EndGlobalSection
EndGlobal
